
Microsoft Visual Studio Solution File, Format Version 12.00
# Visual Studio Version 17
VisualStudioVersion = 17.4.33213.308
MinimumVisualStudioVersion = 10.0.40219.1
Project("{FAE04EC0-301F-11D3-BF4B-00C04F79EFBC}") = "ICA17_ANNA", "ICA17_ANNA\ICA17_ANNA.csproj", "{24AA47E1-5011-46A7-8B1E-21AB0898940B}"
EndProject
Global
	GlobalSection(SolutionConfigurationPlatforms) = preSolution
		Debug|Any CPU = Debug|Any CPU
		Release|Any CPU = Release|Any CPU
	EndGlobalSection
	GlobalSection(ProjectConfigurationPlatforms) = postSolution
		{24AA47E1-5011-46A7-8B1E-21AB0898940B}.Debug|Any CPU.ActiveCfg = Debug|Any CPU
		{24AA47E1-5011-46A7-8B1E-21AB0898940B}.Debug|Any CPU.Build.0 = Debug|Any CPU
		{24AA47E1-5011-46A7-8B1E-21AB0898940B}.Release|Any CPU.ActiveCfg = Release|Any CPU
		{24AA47E1-5011-46A7-8B1E-21AB0898940B}.Release|Any CPU.Build.0 = Release|Any CPU
	EndGlobalSection
	GlobalSection(SolutionProperties) = preSolution
		HideSolutionNode = FALSE
	EndGlobalSection
	GlobalSection(ExtensibilityGlobals) = postSolution
		SolutionGuid = {343B711F-A45C-4A03-91D5-1483979C1B01}
	EndGlobalSection
EndGlobal
