
Microsoft Visual Studio Solution File, Format Version 12.00
# Visual Studio Version 17
VisualStudioVersion = 17.4.33213.308
MinimumVisualStudioVersion = 10.0.40219.1
Project("{FAE04EC0-301F-11D3-BF4B-00C04F79EFBC}") = "Lec2B_Ex7", "Lec2B_Ex7\Lec2B_Ex7.csproj", "{C0A50B4D-8164-4592-B23C-94021DD174CF}"
EndProject
Global
	GlobalSection(SolutionConfigurationPlatforms) = preSolution
		Debug|Any CPU = Debug|Any CPU
		Release|Any CPU = Release|Any CPU
	EndGlobalSection
	GlobalSection(ProjectConfigurationPlatforms) = postSolution
		{C0A50B4D-8164-4592-B23C-94021DD174CF}.Debug|Any CPU.ActiveCfg = Debug|Any CPU
		{C0A50B4D-8164-4592-B23C-94021DD174CF}.Debug|Any CPU.Build.0 = Debug|Any CPU
		{C0A50B4D-8164-4592-B23C-94021DD174CF}.Release|Any CPU.ActiveCfg = Release|Any CPU
		{C0A50B4D-8164-4592-B23C-94021DD174CF}.Release|Any CPU.Build.0 = Release|Any CPU
	EndGlobalSection
	GlobalSection(SolutionProperties) = preSolution
		HideSolutionNode = FALSE
	EndGlobalSection
	GlobalSection(ExtensibilityGlobals) = postSolution
		SolutionGuid = {80A2FDB8-ED96-4969-86E3-4FE2C2485463}
	EndGlobalSection
EndGlobal
