
Microsoft Visual Studio Solution File, Format Version 12.00
# Visual Studio Version 17
VisualStudioVersion = 17.4.33213.308
MinimumVisualStudioVersion = 10.0.40219.1
Project("{FAE04EC0-301F-11D3-BF4B-00C04F79EFBC}") = "ICA12_ANNA", "ICA12_ANNA\ICA12_ANNA.csproj", "{8FD6FBC6-8581-445A-9991-CFD35FDE62C2}"
EndProject
Global
	GlobalSection(SolutionConfigurationPlatforms) = preSolution
		Debug|Any CPU = Debug|Any CPU
		Release|Any CPU = Release|Any CPU
	EndGlobalSection
	GlobalSection(ProjectConfigurationPlatforms) = postSolution
		{8FD6FBC6-8581-445A-9991-CFD35FDE62C2}.Debug|Any CPU.ActiveCfg = Debug|Any CPU
		{8FD6FBC6-8581-445A-9991-CFD35FDE62C2}.Debug|Any CPU.Build.0 = Debug|Any CPU
		{8FD6FBC6-8581-445A-9991-CFD35FDE62C2}.Release|Any CPU.ActiveCfg = Release|Any CPU
		{8FD6FBC6-8581-445A-9991-CFD35FDE62C2}.Release|Any CPU.Build.0 = Release|Any CPU
	EndGlobalSection
	GlobalSection(SolutionProperties) = preSolution
		HideSolutionNode = FALSE
	EndGlobalSection
	GlobalSection(ExtensibilityGlobals) = postSolution
		SolutionGuid = {229286B1-A03D-4E88-8A81-459B6D81B4EE}
	EndGlobalSection
EndGlobal
