
Microsoft Visual Studio Solution File, Format Version 12.00
# Visual Studio Version 17
VisualStudioVersion = 17.4.33213.308
MinimumVisualStudioVersion = 10.0.40219.1
Project("{FAE04EC0-301F-11D3-BF4B-00C04F79EFBC}") = "ICA13_ANNA", "ICA13_ANNA\ICA13_ANNA.csproj", "{865A018C-9C1B-418B-BE47-128129C4AF3C}"
EndProject
Global
	GlobalSection(SolutionConfigurationPlatforms) = preSolution
		Debug|Any CPU = Debug|Any CPU
		Release|Any CPU = Release|Any CPU
	EndGlobalSection
	GlobalSection(ProjectConfigurationPlatforms) = postSolution
		{865A018C-9C1B-418B-BE47-128129C4AF3C}.Debug|Any CPU.ActiveCfg = Debug|Any CPU
		{865A018C-9C1B-418B-BE47-128129C4AF3C}.Debug|Any CPU.Build.0 = Debug|Any CPU
		{865A018C-9C1B-418B-BE47-128129C4AF3C}.Release|Any CPU.ActiveCfg = Release|Any CPU
		{865A018C-9C1B-418B-BE47-128129C4AF3C}.Release|Any CPU.Build.0 = Release|Any CPU
	EndGlobalSection
	GlobalSection(SolutionProperties) = preSolution
		HideSolutionNode = FALSE
	EndGlobalSection
	GlobalSection(ExtensibilityGlobals) = postSolution
		SolutionGuid = {826C651A-9CA4-4620-828E-4B6EADD9CA39}
	EndGlobalSection
EndGlobal
