
Microsoft Visual Studio Solution File, Format Version 12.00
# Visual Studio Version 17
VisualStudioVersion = 17.4.33213.308
MinimumVisualStudioVersion = 10.0.40219.1
Project("{FAE04EC0-301F-11D3-BF4B-00C04F79EFBC}") = "Lec2B_Ex2", "Lec2B_Ex2\Lec2B_Ex2.csproj", "{0688D44B-00BB-4B57-9231-CCB8E1971130}"
EndProject
Global
	GlobalSection(SolutionConfigurationPlatforms) = preSolution
		Debug|Any CPU = Debug|Any CPU
		Release|Any CPU = Release|Any CPU
	EndGlobalSection
	GlobalSection(ProjectConfigurationPlatforms) = postSolution
		{0688D44B-00BB-4B57-9231-CCB8E1971130}.Debug|Any CPU.ActiveCfg = Debug|Any CPU
		{0688D44B-00BB-4B57-9231-CCB8E1971130}.Debug|Any CPU.Build.0 = Debug|Any CPU
		{0688D44B-00BB-4B57-9231-CCB8E1971130}.Release|Any CPU.ActiveCfg = Release|Any CPU
		{0688D44B-00BB-4B57-9231-CCB8E1971130}.Release|Any CPU.Build.0 = Release|Any CPU
	EndGlobalSection
	GlobalSection(SolutionProperties) = preSolution
		HideSolutionNode = FALSE
	EndGlobalSection
	GlobalSection(ExtensibilityGlobals) = postSolution
		SolutionGuid = {F93B49CD-3BE0-47D7-9460-3047FE21E06C}
	EndGlobalSection
EndGlobal
