
Microsoft Visual Studio Solution File, Format Version 12.00
# Visual Studio Version 17
VisualStudioVersion = 17.4.33213.308
MinimumVisualStudioVersion = 10.0.40219.1
Project("{FAE04EC0-301F-11D3-BF4B-00C04F79EFBC}") = "ICA18_ANNA", "ICA18_ANNA\ICA18_ANNA.csproj", "{5A1C5CA2-6F3C-408B-BE2D-A730CDFCE54F}"
EndProject
Global
	GlobalSection(SolutionConfigurationPlatforms) = preSolution
		Debug|Any CPU = Debug|Any CPU
		Release|Any CPU = Release|Any CPU
	EndGlobalSection
	GlobalSection(ProjectConfigurationPlatforms) = postSolution
		{5A1C5CA2-6F3C-408B-BE2D-A730CDFCE54F}.Debug|Any CPU.ActiveCfg = Debug|Any CPU
		{5A1C5CA2-6F3C-408B-BE2D-A730CDFCE54F}.Debug|Any CPU.Build.0 = Debug|Any CPU
		{5A1C5CA2-6F3C-408B-BE2D-A730CDFCE54F}.Release|Any CPU.ActiveCfg = Release|Any CPU
		{5A1C5CA2-6F3C-408B-BE2D-A730CDFCE54F}.Release|Any CPU.Build.0 = Release|Any CPU
	EndGlobalSection
	GlobalSection(SolutionProperties) = preSolution
		HideSolutionNode = FALSE
	EndGlobalSection
	GlobalSection(ExtensibilityGlobals) = postSolution
		SolutionGuid = {DE285CCE-1756-49E0-809A-8B614F5345CE}
	EndGlobalSection
EndGlobal
