
Microsoft Visual Studio Solution File, Format Version 12.00
# Visual Studio Version 17
VisualStudioVersion = 17.4.33213.308
MinimumVisualStudioVersion = 10.0.40219.1
Project("{FAE04EC0-301F-11D3-BF4B-00C04F79EFBC}") = "ICA11_ANNA", "ICA11_ANNA\ICA11_ANNA.csproj", "{93DDAFB8-7546-43AD-9F8C-0B604BCF83A5}"
EndProject
Global
	GlobalSection(SolutionConfigurationPlatforms) = preSolution
		Debug|Any CPU = Debug|Any CPU
		Release|Any CPU = Release|Any CPU
	EndGlobalSection
	GlobalSection(ProjectConfigurationPlatforms) = postSolution
		{93DDAFB8-7546-43AD-9F8C-0B604BCF83A5}.Debug|Any CPU.ActiveCfg = Debug|Any CPU
		{93DDAFB8-7546-43AD-9F8C-0B604BCF83A5}.Debug|Any CPU.Build.0 = Debug|Any CPU
		{93DDAFB8-7546-43AD-9F8C-0B604BCF83A5}.Release|Any CPU.ActiveCfg = Release|Any CPU
		{93DDAFB8-7546-43AD-9F8C-0B604BCF83A5}.Release|Any CPU.Build.0 = Release|Any CPU
	EndGlobalSection
	GlobalSection(SolutionProperties) = preSolution
		HideSolutionNode = FALSE
	EndGlobalSection
	GlobalSection(ExtensibilityGlobals) = postSolution
		SolutionGuid = {4B48C8E3-7C5A-45A4-8232-066E3617274C}
	EndGlobalSection
EndGlobal
