
Microsoft Visual Studio Solution File, Format Version 12.00
# Visual Studio Version 17
VisualStudioVersion = 17.4.33213.308
MinimumVisualStudioVersion = 10.0.40219.1
Project("{FAE04EC0-301F-11D3-BF4B-00C04F79EFBC}") = "Lec3_Ex1", "Lec3_Ex1\Lec3_Ex1.csproj", "{B0930B6A-12B0-4DA9-A824-1C673AA70B12}"
EndProject
Global
	GlobalSection(SolutionConfigurationPlatforms) = preSolution
		Debug|Any CPU = Debug|Any CPU
		Release|Any CPU = Release|Any CPU
	EndGlobalSection
	GlobalSection(ProjectConfigurationPlatforms) = postSolution
		{B0930B6A-12B0-4DA9-A824-1C673AA70B12}.Debug|Any CPU.ActiveCfg = Debug|Any CPU
		{B0930B6A-12B0-4DA9-A824-1C673AA70B12}.Debug|Any CPU.Build.0 = Debug|Any CPU
		{B0930B6A-12B0-4DA9-A824-1C673AA70B12}.Release|Any CPU.ActiveCfg = Release|Any CPU
		{B0930B6A-12B0-4DA9-A824-1C673AA70B12}.Release|Any CPU.Build.0 = Release|Any CPU
	EndGlobalSection
	GlobalSection(SolutionProperties) = preSolution
		HideSolutionNode = FALSE
	EndGlobalSection
	GlobalSection(ExtensibilityGlobals) = postSolution
		SolutionGuid = {EAC8A893-458B-4C60-AA90-76A943698DCA}
	EndGlobalSection
EndGlobal
