
Microsoft Visual Studio Solution File, Format Version 12.00
# Visual Studio Version 17
VisualStudioVersion = 17.2.32630.192
MinimumVisualStudioVersion = 10.0.40219.1
Project("{FAE04EC0-301F-11D3-BF4B-00C04F79EFBC}") = "Spirograph", "Spirograph\Spirograph.csproj", "{7FDC722F-DE36-45CF-9180-AB156DA5F519}"
EndProject
Global
	GlobalSection(SolutionConfigurationPlatforms) = preSolution
		Debug|Any CPU = Debug|Any CPU
		Release|Any CPU = Release|Any CPU
	EndGlobalSection
	GlobalSection(ProjectConfigurationPlatforms) = postSolution
		{7FDC722F-DE36-45CF-9180-AB156DA5F519}.Debug|Any CPU.ActiveCfg = Debug|Any CPU
		{7FDC722F-DE36-45CF-9180-AB156DA5F519}.Debug|Any CPU.Build.0 = Debug|Any CPU
		{7FDC722F-DE36-45CF-9180-AB156DA5F519}.Release|Any CPU.ActiveCfg = Release|Any CPU
		{7FDC722F-DE36-45CF-9180-AB156DA5F519}.Release|Any CPU.Build.0 = Release|Any CPU
	EndGlobalSection
	GlobalSection(SolutionProperties) = preSolution
		HideSolutionNode = FALSE
	EndGlobalSection
	GlobalSection(ExtensibilityGlobals) = postSolution
		SolutionGuid = {6F00D1B7-21DE-450D-BB44-21CAC97D4235}
	EndGlobalSection
EndGlobal
