
Microsoft Visual Studio Solution File, Format Version 12.00
# Visual Studio Version 17
VisualStudioVersion = 17.4.33213.308
MinimumVisualStudioVersion = 10.0.40219.1
Project("{FAE04EC0-301F-11D3-BF4B-00C04F79EFBC}") = "ICA09_ANNA", "ICA09_ANNA\ICA09_ANNA.csproj", "{EAC57313-DD4C-4055-A1CC-9F1BF0F2FE13}"
EndProject
Global
	GlobalSection(SolutionConfigurationPlatforms) = preSolution
		Debug|Any CPU = Debug|Any CPU
		Release|Any CPU = Release|Any CPU
	EndGlobalSection
	GlobalSection(ProjectConfigurationPlatforms) = postSolution
		{EAC57313-DD4C-4055-A1CC-9F1BF0F2FE13}.Debug|Any CPU.ActiveCfg = Debug|Any CPU
		{EAC57313-DD4C-4055-A1CC-9F1BF0F2FE13}.Debug|Any CPU.Build.0 = Debug|Any CPU
		{EAC57313-DD4C-4055-A1CC-9F1BF0F2FE13}.Release|Any CPU.ActiveCfg = Release|Any CPU
		{EAC57313-DD4C-4055-A1CC-9F1BF0F2FE13}.Release|Any CPU.Build.0 = Release|Any CPU
	EndGlobalSection
	GlobalSection(SolutionProperties) = preSolution
		HideSolutionNode = FALSE
	EndGlobalSection
	GlobalSection(ExtensibilityGlobals) = postSolution
		SolutionGuid = {FD01F356-7210-4379-9685-CCBD3C9D9331}
	EndGlobalSection
EndGlobal
