
Microsoft Visual Studio Solution File, Format Version 12.00
# Visual Studio Version 17
VisualStudioVersion = 17.4.33213.308
MinimumVisualStudioVersion = 10.0.40219.1
Project("{FAE04EC0-301F-11D3-BF4B-00C04F79EFBC}") = "Lec2B_Ex6", "Lec2B_Ex6\Lec2B_Ex6.csproj", "{8AA56238-868D-41BE-84E3-AE919B6840B0}"
EndProject
Global
	GlobalSection(SolutionConfigurationPlatforms) = preSolution
		Debug|Any CPU = Debug|Any CPU
		Release|Any CPU = Release|Any CPU
	EndGlobalSection
	GlobalSection(ProjectConfigurationPlatforms) = postSolution
		{8AA56238-868D-41BE-84E3-AE919B6840B0}.Debug|Any CPU.ActiveCfg = Debug|Any CPU
		{8AA56238-868D-41BE-84E3-AE919B6840B0}.Debug|Any CPU.Build.0 = Debug|Any CPU
		{8AA56238-868D-41BE-84E3-AE919B6840B0}.Release|Any CPU.ActiveCfg = Release|Any CPU
		{8AA56238-868D-41BE-84E3-AE919B6840B0}.Release|Any CPU.Build.0 = Release|Any CPU
	EndGlobalSection
	GlobalSection(SolutionProperties) = preSolution
		HideSolutionNode = FALSE
	EndGlobalSection
	GlobalSection(ExtensibilityGlobals) = postSolution
		SolutionGuid = {D4BD8542-A0FF-41C0-A799-BDA4B19DC830}
	EndGlobalSection
EndGlobal
