
Microsoft Visual Studio Solution File, Format Version 12.00
# Visual Studio Version 17
VisualStudioVersion = 17.4.33213.308
MinimumVisualStudioVersion = 10.0.40219.1
Project("{FAE04EC0-301F-11D3-BF4B-00C04F79EFBC}") = "Lec2B-Ex1", "Lec2B-Ex1\Lec2B-Ex1.csproj", "{91529642-DD6C-4C71-9800-8FE9F24B9DBB}"
EndProject
Global
	GlobalSection(SolutionConfigurationPlatforms) = preSolution
		Debug|Any CPU = Debug|Any CPU
		Release|Any CPU = Release|Any CPU
	EndGlobalSection
	GlobalSection(ProjectConfigurationPlatforms) = postSolution
		{91529642-DD6C-4C71-9800-8FE9F24B9DBB}.Debug|Any CPU.ActiveCfg = Debug|Any CPU
		{91529642-DD6C-4C71-9800-8FE9F24B9DBB}.Debug|Any CPU.Build.0 = Debug|Any CPU
		{91529642-DD6C-4C71-9800-8FE9F24B9DBB}.Release|Any CPU.ActiveCfg = Release|Any CPU
		{91529642-DD6C-4C71-9800-8FE9F24B9DBB}.Release|Any CPU.Build.0 = Release|Any CPU
	EndGlobalSection
	GlobalSection(SolutionProperties) = preSolution
		HideSolutionNode = FALSE
	EndGlobalSection
	GlobalSection(ExtensibilityGlobals) = postSolution
		SolutionGuid = {35244ED8-2F7C-40C3-97FE-186EADB785D4}
	EndGlobalSection
EndGlobal
